
Microsoft Visual Studio Solution File, Format Version 12.00
# Visual Studio 15
VisualStudioVersion = 15.0.27004.2002
MinimumVisualStudioVersion = 10.0.40219.1
Project("{8BC9CEB8-8B4A-11D0-8D11-00A0C91BC942}") = "fileBackwards", "fileBackwards\fileBackwards.vcxproj", "{50CCF7BD-117B-46A0-9CAB-14F97FB202FF}"
EndProject
Global
	GlobalSection(SolutionConfigurationPlatforms) = preSolution
		Debug|x64 = Debug|x64
		Debug|x86 = Debug|x86
		Release|x64 = Release|x64
		Release|x86 = Release|x86
	EndGlobalSection
	GlobalSection(ProjectConfigurationPlatforms) = postSolution
		{50CCF7BD-117B-46A0-9CAB-14F97FB202FF}.Debug|x64.ActiveCfg = Debug|x64
		{50CCF7BD-117B-46A0-9CAB-14F97FB202FF}.Debug|x64.Build.0 = Debug|x64
		{50CCF7BD-117B-46A0-9CAB-14F97FB202FF}.Debug|x86.ActiveCfg = Debug|Win32
		{50CCF7BD-117B-46A0-9CAB-14F97FB202FF}.Debug|x86.Build.0 = Debug|Win32
		{50CCF7BD-117B-46A0-9CAB-14F97FB202FF}.Release|x64.ActiveCfg = Release|x64
		{50CCF7BD-117B-46A0-9CAB-14F97FB202FF}.Release|x64.Build.0 = Release|x64
		{50CCF7BD-117B-46A0-9CAB-14F97FB202FF}.Release|x86.ActiveCfg = Release|Win32
		{50CCF7BD-117B-46A0-9CAB-14F97FB202FF}.Release|x86.Build.0 = Release|Win32
	EndGlobalSection
	GlobalSection(SolutionProperties) = preSolution
		HideSolutionNode = FALSE
	EndGlobalSection
	GlobalSection(ExtensibilityGlobals) = postSolution
		SolutionGuid = {3B71E502-F5AB-4944-A3EC-BFE8587AB52A}
	EndGlobalSection
EndGlobal
