
Microsoft Visual Studio Solution File, Format Version 12.00
# Visual Studio 14
VisualStudioVersion = 14.0.25420.1
MinimumVisualStudioVersion = 10.0.40219.1
Project("{8BC9CEB8-8B4A-11D0-8D11-00A0C91BC942}") = "ScheduleOption2", "ScheduleOption2\ScheduleOption2.vcxproj", "{20F4B3C7-B9C0-4997-B3D5-9F3619B29BBE}"
EndProject
Global
	GlobalSection(SolutionConfigurationPlatforms) = preSolution
		Debug|x64 = Debug|x64
		Debug|x86 = Debug|x86
		Release|x64 = Release|x64
		Release|x86 = Release|x86
	EndGlobalSection
	GlobalSection(ProjectConfigurationPlatforms) = postSolution
		{20F4B3C7-B9C0-4997-B3D5-9F3619B29BBE}.Debug|x64.ActiveCfg = Debug|x64
		{20F4B3C7-B9C0-4997-B3D5-9F3619B29BBE}.Debug|x64.Build.0 = Debug|x64
		{20F4B3C7-B9C0-4997-B3D5-9F3619B29BBE}.Debug|x86.ActiveCfg = Debug|Win32
		{20F4B3C7-B9C0-4997-B3D5-9F3619B29BBE}.Debug|x86.Build.0 = Debug|Win32
		{20F4B3C7-B9C0-4997-B3D5-9F3619B29BBE}.Release|x64.ActiveCfg = Release|x64
		{20F4B3C7-B9C0-4997-B3D5-9F3619B29BBE}.Release|x64.Build.0 = Release|x64
		{20F4B3C7-B9C0-4997-B3D5-9F3619B29BBE}.Release|x86.ActiveCfg = Release|Win32
		{20F4B3C7-B9C0-4997-B3D5-9F3619B29BBE}.Release|x86.Build.0 = Release|Win32
	EndGlobalSection
	GlobalSection(SolutionProperties) = preSolution
		HideSolutionNode = FALSE
	EndGlobalSection
EndGlobal
